
Microsoft Visual Studio Solution File, Format Version 11.00
# Visual Studio 2010
Project("{FAE04EC0-301F-11D3-BF4B-00C04F79EFBC}") = "geolocationpropel", "Assembly-CSharp.csproj", "{2B828862-37B4-AB0D-F296-4BF7731AB833}"
EndProject
Project("{FAE04EC0-301F-11D3-BF4B-00C04F79EFBC}") = "geolocationpropel", "Assembly-CSharp-Editor.csproj", "{36F2EA82-4DB2-EF31-EA23-D249F8ACE645}"
EndProject
Global
	GlobalSection(SolutionConfigurationPlatforms) = preSolution
		Debug|Any CPU = Debug|Any CPU
		Release|Any CPU = Release|Any CPU
	EndGlobalSection
	GlobalSection(ProjectConfigurationPlatforms) = postSolution
		{2B828862-37B4-AB0D-F296-4BF7731AB833}.Debug|Any CPU.ActiveCfg = Debug|Any CPU
		{2B828862-37B4-AB0D-F296-4BF7731AB833}.Debug|Any CPU.Build.0 = Debug|Any CPU
		{2B828862-37B4-AB0D-F296-4BF7731AB833}.Release|Any CPU.ActiveCfg = Release|Any CPU
		{2B828862-37B4-AB0D-F296-4BF7731AB833}.Release|Any CPU.Build.0 = Release|Any CPU
		{36F2EA82-4DB2-EF31-EA23-D249F8ACE645}.Debug|Any CPU.ActiveCfg = Debug|Any CPU
		{36F2EA82-4DB2-EF31-EA23-D249F8ACE645}.Debug|Any CPU.Build.0 = Debug|Any CPU
		{36F2EA82-4DB2-EF31-EA23-D249F8ACE645}.Release|Any CPU.ActiveCfg = Release|Any CPU
		{36F2EA82-4DB2-EF31-EA23-D249F8ACE645}.Release|Any CPU.Build.0 = Release|Any CPU
	EndGlobalSection
	GlobalSection(SolutionProperties) = preSolution
		HideSolutionNode = FALSE
	EndGlobalSection
	GlobalSection(MonoDevelopProperties) = preSolution
		StartupItem = Assembly-CSharp.csproj
	EndGlobalSection
EndGlobal
